
Microsoft Visual Studio Solution File, Format Version 12.00
# Visual Studio 14
VisualStudioVersion = 14.0.23107.0
MinimumVisualStudioVersion = 10.0.40219.1
Project("{FAE04EC0-301F-11D3-BF4B-00C04F79EFBC}") = "Web", "Web\Web.csproj", "{D102E9FF-AC27-48E3-8BFB-D16EC15FBB2C}"
EndProject
Project("{2150E333-8FDC-42A3-9474-1A3956D46DE8}") = "Solution Items", "Solution Items", "{CA7435C8-4389-40F6-B9A8-7507D7E0C275}"
	ProjectSection(SolutionItems) = preProject
		.gitignore = .gitignore
	EndProjectSection
EndProject
Global
	GlobalSection(SolutionConfigurationPlatforms) = preSolution
		Debug|Any CPU = Debug|Any CPU
		Release|Any CPU = Release|Any CPU
	EndGlobalSection
	GlobalSection(ProjectConfigurationPlatforms) = postSolution
		{D102E9FF-AC27-48E3-8BFB-D16EC15FBB2C}.Debug|Any CPU.ActiveCfg = Debug|Any CPU
		{D102E9FF-AC27-48E3-8BFB-D16EC15FBB2C}.Debug|Any CPU.Build.0 = Debug|Any CPU
		{D102E9FF-AC27-48E3-8BFB-D16EC15FBB2C}.Release|Any CPU.ActiveCfg = Release|Any CPU
		{D102E9FF-AC27-48E3-8BFB-D16EC15FBB2C}.Release|Any CPU.Build.0 = Release|Any CPU
	EndGlobalSection
	GlobalSection(SolutionProperties) = preSolution
		HideSolutionNode = FALSE
	EndGlobalSection
EndGlobal
